
Microsoft Visual Studio Solution File, Format Version 12.00
# Visual Studio Version 17
VisualStudioVersion = 17.1.32319.34
MinimumVisualStudioVersion = 10.0.40219.1
Project("{FAE04EC0-301F-11D3-BF4B-00C04F79EFBC}") = "WpfTaskApplication", "WpfApplication\WpfTaskApplication.csproj", "{3059E8D6-9DDE-465D-826F-6910D3892D64}"
EndProject
Global
	GlobalSection(SolutionConfigurationPlatforms) = preSolution
		Debug|Any CPU = Debug|Any CPU
		Release|Any CPU = Release|Any CPU
	EndGlobalSection
	GlobalSection(ProjectConfigurationPlatforms) = postSolution
		{3059E8D6-9DDE-465D-826F-6910D3892D64}.Debug|Any CPU.ActiveCfg = Debug|Any CPU
		{3059E8D6-9DDE-465D-826F-6910D3892D64}.Debug|Any CPU.Build.0 = Debug|Any CPU
		{3059E8D6-9DDE-465D-826F-6910D3892D64}.Release|Any CPU.ActiveCfg = Release|Any CPU
		{3059E8D6-9DDE-465D-826F-6910D3892D64}.Release|Any CPU.Build.0 = Release|Any CPU
	EndGlobalSection
	GlobalSection(SolutionProperties) = preSolution
		HideSolutionNode = FALSE
	EndGlobalSection
	GlobalSection(ExtensibilityGlobals) = postSolution
		SolutionGuid = {8CC3BF61-04D2-4DE8-96AD-6B839BC70335}
	EndGlobalSection
EndGlobal
